
Microsoft Visual Studio Solution File, Format Version 12.00
# Visual Studio Version 16
VisualStudioVersion = 16.0.31205.134
MinimumVisualStudioVersion = 10.0.40219.1
Project("{FAE04EC0-301F-11D3-BF4B-00C04F79EFBC}") = "SimpleStaticSiteGenerator", "SimpleStaticSiteGenerator.csproj", "{C1BBF974-1BB1-45DB-A405-9391631C1D5F}"
EndProject
Global
	GlobalSection(SolutionConfigurationPlatforms) = preSolution
		Debug|Any CPU = Debug|Any CPU
		Release|Any CPU = Release|Any CPU
	EndGlobalSection
	GlobalSection(ProjectConfigurationPlatforms) = postSolution
		{C1BBF974-1BB1-45DB-A405-9391631C1D5F}.Debug|Any CPU.ActiveCfg = Debug|Any CPU
		{C1BBF974-1BB1-45DB-A405-9391631C1D5F}.Debug|Any CPU.Build.0 = Debug|Any CPU
		{C1BBF974-1BB1-45DB-A405-9391631C1D5F}.Release|Any CPU.ActiveCfg = Release|Any CPU
		{C1BBF974-1BB1-45DB-A405-9391631C1D5F}.Release|Any CPU.Build.0 = Release|Any CPU
	EndGlobalSection
	GlobalSection(SolutionProperties) = preSolution
		HideSolutionNode = FALSE
	EndGlobalSection
	GlobalSection(ExtensibilityGlobals) = postSolution
		SolutionGuid = {DB611C63-D4EE-42CD-AB7D-A267397C2005}
	EndGlobalSection
EndGlobal
